
Microsoft Visual Studio Solution File, Format Version 12.00
# Visual Studio Version 16
VisualStudioVersion = 16.0.32413.511
MinimumVisualStudioVersion = 10.0.40219.1
Project("{FAE04EC0-301F-11D3-BF4B-00C04F79EFBC}") = "MyFirstGitProject", "MyFirstGitProject\MyFirstGitProject.csproj", "{A9CB99D9-A93C-44A6-B4D9-A9540413BB4D}"
EndProject
Global
	GlobalSection(SolutionConfigurationPlatforms) = preSolution
		Debug|Any CPU = Debug|Any CPU
		Release|Any CPU = Release|Any CPU
	EndGlobalSection
	GlobalSection(ProjectConfigurationPlatforms) = postSolution
		{A9CB99D9-A93C-44A6-B4D9-A9540413BB4D}.Debug|Any CPU.ActiveCfg = Debug|Any CPU
		{A9CB99D9-A93C-44A6-B4D9-A9540413BB4D}.Debug|Any CPU.Build.0 = Debug|Any CPU
		{A9CB99D9-A93C-44A6-B4D9-A9540413BB4D}.Release|Any CPU.ActiveCfg = Release|Any CPU
		{A9CB99D9-A93C-44A6-B4D9-A9540413BB4D}.Release|Any CPU.Build.0 = Release|Any CPU
	EndGlobalSection
	GlobalSection(SolutionProperties) = preSolution
		HideSolutionNode = FALSE
	EndGlobalSection
	GlobalSection(ExtensibilityGlobals) = postSolution
		SolutionGuid = {364B2E10-4CB8-4A99-975B-D36B00D0061C}
	EndGlobalSection
EndGlobal
